
Microsoft Visual Studio Solution File, Format Version 12.00
# Visual Studio Version 17
VisualStudioVersion = 17.5.33424.131
MinimumVisualStudioVersion = 10.0.40219.1
Project("{FAE04EC0-301F-11D3-BF4B-00C04F79EFBC}") = "JsonSerializeTest", "JsonSerializeTest\JsonSerializeTest.csproj", "{0CB52CFD-4A5C-4E70-BF26-62E4C68059E1}"
EndProject
Global
	GlobalSection(SolutionConfigurationPlatforms) = preSolution
		Debug|Any CPU = Debug|Any CPU
		Release|Any CPU = Release|Any CPU
	EndGlobalSection
	GlobalSection(ProjectConfigurationPlatforms) = postSolution
		{0CB52CFD-4A5C-4E70-BF26-62E4C68059E1}.Debug|Any CPU.ActiveCfg = Debug|Any CPU
		{0CB52CFD-4A5C-4E70-BF26-62E4C68059E1}.Debug|Any CPU.Build.0 = Debug|Any CPU
		{0CB52CFD-4A5C-4E70-BF26-62E4C68059E1}.Release|Any CPU.ActiveCfg = Release|Any CPU
		{0CB52CFD-4A5C-4E70-BF26-62E4C68059E1}.Release|Any CPU.Build.0 = Release|Any CPU
	EndGlobalSection
	GlobalSection(SolutionProperties) = preSolution
		HideSolutionNode = FALSE
	EndGlobalSection
	GlobalSection(ExtensibilityGlobals) = postSolution
		SolutionGuid = {74684691-6A65-466C-8B12-EB96E80F909C}
	EndGlobalSection
EndGlobal
