
Microsoft Visual Studio Solution File, Format Version 12.00
# Visual Studio Version 17
VisualStudioVersion = 17.2.32929.388
MinimumVisualStudioVersion = 10.0.40219.1
Project("{FAE04EC0-301F-11D3-BF4B-00C04F79EFBC}") = "ConsoleAppTestIsolationLevel", "ConsoleAppTestIsolationLevel\ConsoleAppTestIsolationLevel.csproj", "{2F70B43E-9EF7-46CB-8752-3F9C4FFCB497}"
EndProject
Global
	GlobalSection(SolutionConfigurationPlatforms) = preSolution
		Debug|Any CPU = Debug|Any CPU
		Release|Any CPU = Release|Any CPU
	EndGlobalSection
	GlobalSection(ProjectConfigurationPlatforms) = postSolution
		{2F70B43E-9EF7-46CB-8752-3F9C4FFCB497}.Debug|Any CPU.ActiveCfg = Debug|Any CPU
		{2F70B43E-9EF7-46CB-8752-3F9C4FFCB497}.Debug|Any CPU.Build.0 = Debug|Any CPU
		{2F70B43E-9EF7-46CB-8752-3F9C4FFCB497}.Release|Any CPU.ActiveCfg = Release|Any CPU
		{2F70B43E-9EF7-46CB-8752-3F9C4FFCB497}.Release|Any CPU.Build.0 = Release|Any CPU
	EndGlobalSection
	GlobalSection(SolutionProperties) = preSolution
		HideSolutionNode = FALSE
	EndGlobalSection
	GlobalSection(ExtensibilityGlobals) = postSolution
		SolutionGuid = {5AF0CBF6-7515-450B-B0C3-012E6B8AC706}
	EndGlobalSection
EndGlobal
