
Microsoft Visual Studio Solution File, Format Version 12.00
# Visual Studio Version 17
VisualStudioVersion = 17.5.33627.172
MinimumVisualStudioVersion = 10.0.40219.1
Project("{9A19103F-16F7-4668-BE54-9A1E7A4F7556}") = "EFCore入门", "EFCore入门\EFCore入门.csproj", "{AA5F04DE-90CF-45D2-BB0A-657B946CA6F0}"
EndProject
Project("{9A19103F-16F7-4668-BE54-9A1E7A4F7556}") = "EfCore反向工程", "EfCore反向工程\EfCore反向工程.csproj", "{C1A0335C-F449-41F4-AB30-213C68500408}"
EndProject
Project("{FAE04EC0-301F-11D3-BF4B-00C04F79EFBC}") = "EFCore一对多", "EFCore一对多\EFCore一对多.csproj", "{9BC38B7B-2FA9-441A-9F02-AA8943BFA415}"
EndProject
Global
	GlobalSection(SolutionConfigurationPlatforms) = preSolution
		Debug|Any CPU = Debug|Any CPU
		Release|Any CPU = Release|Any CPU
	EndGlobalSection
	GlobalSection(ProjectConfigurationPlatforms) = postSolution
		{AA5F04DE-90CF-45D2-BB0A-657B946CA6F0}.Debug|Any CPU.ActiveCfg = Debug|Any CPU
		{AA5F04DE-90CF-45D2-BB0A-657B946CA6F0}.Debug|Any CPU.Build.0 = Debug|Any CPU
		{AA5F04DE-90CF-45D2-BB0A-657B946CA6F0}.Release|Any CPU.ActiveCfg = Release|Any CPU
		{AA5F04DE-90CF-45D2-BB0A-657B946CA6F0}.Release|Any CPU.Build.0 = Release|Any CPU
		{C1A0335C-F449-41F4-AB30-213C68500408}.Debug|Any CPU.ActiveCfg = Debug|Any CPU
		{C1A0335C-F449-41F4-AB30-213C68500408}.Debug|Any CPU.Build.0 = Debug|Any CPU
		{C1A0335C-F449-41F4-AB30-213C68500408}.Release|Any CPU.ActiveCfg = Release|Any CPU
		{C1A0335C-F449-41F4-AB30-213C68500408}.Release|Any CPU.Build.0 = Release|Any CPU
		{9BC38B7B-2FA9-441A-9F02-AA8943BFA415}.Debug|Any CPU.ActiveCfg = Debug|Any CPU
		{9BC38B7B-2FA9-441A-9F02-AA8943BFA415}.Debug|Any CPU.Build.0 = Debug|Any CPU
		{9BC38B7B-2FA9-441A-9F02-AA8943BFA415}.Release|Any CPU.ActiveCfg = Release|Any CPU
		{9BC38B7B-2FA9-441A-9F02-AA8943BFA415}.Release|Any CPU.Build.0 = Release|Any CPU
	EndGlobalSection
	GlobalSection(SolutionProperties) = preSolution
		HideSolutionNode = FALSE
	EndGlobalSection
	GlobalSection(ExtensibilityGlobals) = postSolution
		SolutionGuid = {5B74AA4C-D4E6-4E7F-A86F-39AADF349C9A}
	EndGlobalSection
EndGlobal
